
Microsoft Visual Studio Solution File, Format Version 12.00
# Visual Studio 15
VisualStudioVersion = 15.0.27703.2000
MinimumVisualStudioVersion = 10.0.40219.1
Project("{FAE04EC0-301F-11D3-BF4B-00C04F79EFBC}") = "Overture.ChangeSets", "Overture.ChangeSets\Overture.ChangeSets.csproj", "{DFBBE4FB-B1A2-493E-A3D9-1D01017FB6FC}"
EndProject
Project("{FAE04EC0-301F-11D3-BF4B-00C04F79EFBC}") = "Overture.ChangeSets.Tests", "Overture.ChangeSets.Tests\Overture.ChangeSets.Tests.csproj", "{9157DA45-3319-422C-87FC-CF8EFA0F14EA}"
EndProject
Project("{FAE04EC0-301F-11D3-BF4B-00C04F79EFBC}") = "Overture.ChangeSets.Sql", "Overture.ChangeSets.Sql\Overture.ChangeSets.Sql.csproj", "{67844432-10AE-4B1C-9ECA-82C37B5FB95E}"
EndProject
Project("{FAE04EC0-301F-11D3-BF4B-00C04F79EFBC}") = "Overture.Core", "Overture.Core\Overture.Core.csproj", "{7C3E8796-C31C-4FF7-A10C-0F56897200A2}"
EndProject
Project("{FAE04EC0-301F-11D3-BF4B-00C04F79EFBC}") = "Overture.Core.Auth", "Overture.Core.Auth\Overture.Core.Auth.csproj", "{A9EF259C-D074-41C0-8E16-45E17096898E}"
EndProject
Project("{FAE04EC0-301F-11D3-BF4B-00C04F79EFBC}") = "Overtute.Core.Web", "Overtute.Core.Web\Overtute.Core.Web.csproj", "{A597C07B-8150-4823-8C68-498FB223AA07}"
EndProject
Project("{FAE04EC0-301F-11D3-BF4B-00C04F79EFBC}") = "Overture.WebApi", "Overture.WebApi\Overture.WebApi.csproj", "{52234404-BB96-4F91-8B20-654F87A1646B}"
EndProject
Project("{FAE04EC0-301F-11D3-BF4B-00C04F79EFBC}") = "Overture.ChangeSets.SqlDb", "Overture.ChangeSets.SqlDb\Overture.ChangeSets.SqlDb.csproj", "{42F92EAD-EB0A-4969-8E86-E2FE31D865D6}"
EndProject
Global
	GlobalSection(SolutionConfigurationPlatforms) = preSolution
		Debug|Any CPU = Debug|Any CPU
		Release|Any CPU = Release|Any CPU
	EndGlobalSection
	GlobalSection(ProjectConfigurationPlatforms) = postSolution
		{DFBBE4FB-B1A2-493E-A3D9-1D01017FB6FC}.Debug|Any CPU.ActiveCfg = Debug|Any CPU
		{DFBBE4FB-B1A2-493E-A3D9-1D01017FB6FC}.Debug|Any CPU.Build.0 = Debug|Any CPU
		{DFBBE4FB-B1A2-493E-A3D9-1D01017FB6FC}.Release|Any CPU.ActiveCfg = Release|Any CPU
		{DFBBE4FB-B1A2-493E-A3D9-1D01017FB6FC}.Release|Any CPU.Build.0 = Release|Any CPU
		{9157DA45-3319-422C-87FC-CF8EFA0F14EA}.Debug|Any CPU.ActiveCfg = Debug|Any CPU
		{9157DA45-3319-422C-87FC-CF8EFA0F14EA}.Debug|Any CPU.Build.0 = Debug|Any CPU
		{9157DA45-3319-422C-87FC-CF8EFA0F14EA}.Release|Any CPU.ActiveCfg = Release|Any CPU
		{9157DA45-3319-422C-87FC-CF8EFA0F14EA}.Release|Any CPU.Build.0 = Release|Any CPU
		{67844432-10AE-4B1C-9ECA-82C37B5FB95E}.Debug|Any CPU.ActiveCfg = Debug|Any CPU
		{67844432-10AE-4B1C-9ECA-82C37B5FB95E}.Debug|Any CPU.Build.0 = Debug|Any CPU
		{67844432-10AE-4B1C-9ECA-82C37B5FB95E}.Release|Any CPU.ActiveCfg = Release|Any CPU
		{67844432-10AE-4B1C-9ECA-82C37B5FB95E}.Release|Any CPU.Build.0 = Release|Any CPU
		{7C3E8796-C31C-4FF7-A10C-0F56897200A2}.Debug|Any CPU.ActiveCfg = Debug|Any CPU
		{7C3E8796-C31C-4FF7-A10C-0F56897200A2}.Debug|Any CPU.Build.0 = Debug|Any CPU
		{7C3E8796-C31C-4FF7-A10C-0F56897200A2}.Release|Any CPU.ActiveCfg = Release|Any CPU
		{7C3E8796-C31C-4FF7-A10C-0F56897200A2}.Release|Any CPU.Build.0 = Release|Any CPU
		{A9EF259C-D074-41C0-8E16-45E17096898E}.Debug|Any CPU.ActiveCfg = Debug|Any CPU
		{A9EF259C-D074-41C0-8E16-45E17096898E}.Debug|Any CPU.Build.0 = Debug|Any CPU
		{A9EF259C-D074-41C0-8E16-45E17096898E}.Release|Any CPU.ActiveCfg = Release|Any CPU
		{A9EF259C-D074-41C0-8E16-45E17096898E}.Release|Any CPU.Build.0 = Release|Any CPU
		{A597C07B-8150-4823-8C68-498FB223AA07}.Debug|Any CPU.ActiveCfg = Debug|Any CPU
		{A597C07B-8150-4823-8C68-498FB223AA07}.Debug|Any CPU.Build.0 = Debug|Any CPU
		{A597C07B-8150-4823-8C68-498FB223AA07}.Release|Any CPU.ActiveCfg = Release|Any CPU
		{A597C07B-8150-4823-8C68-498FB223AA07}.Release|Any CPU.Build.0 = Release|Any CPU
		{52234404-BB96-4F91-8B20-654F87A1646B}.Debug|Any CPU.ActiveCfg = Debug|Any CPU
		{52234404-BB96-4F91-8B20-654F87A1646B}.Debug|Any CPU.Build.0 = Debug|Any CPU
		{52234404-BB96-4F91-8B20-654F87A1646B}.Release|Any CPU.ActiveCfg = Release|Any CPU
		{52234404-BB96-4F91-8B20-654F87A1646B}.Release|Any CPU.Build.0 = Release|Any CPU
		{42F92EAD-EB0A-4969-8E86-E2FE31D865D6}.Debug|Any CPU.ActiveCfg = Debug|Any CPU
		{42F92EAD-EB0A-4969-8E86-E2FE31D865D6}.Debug|Any CPU.Build.0 = Debug|Any CPU
		{42F92EAD-EB0A-4969-8E86-E2FE31D865D6}.Release|Any CPU.ActiveCfg = Release|Any CPU
		{42F92EAD-EB0A-4969-8E86-E2FE31D865D6}.Release|Any CPU.Build.0 = Release|Any CPU
	EndGlobalSection
	GlobalSection(SolutionProperties) = preSolution
		HideSolutionNode = FALSE
	EndGlobalSection
	GlobalSection(ExtensibilityGlobals) = postSolution
		SolutionGuid = {F9563F05-8168-4183-8D1B-28DBA137FBE9}
	EndGlobalSection
EndGlobal
